PODS:
  - Alamofire (4.8.0)
  - LcLib (1.1.1)

DEPENDENCIES:
  - Alamofire (~> 4.4)
  - LcLib (from `https://github.com/luciano-calderano/LcLib.git`)

SPEC REPOS:
  https://github.com/cocoapods/specs.git:
    - Alamofire

EXTERNAL SOURCES:
  LcLib:
    :git: https://github.com/luciano-calderano/LcLib.git

CHECKOUT OPTIONS:
  LcLib:
    :commit: b3d910c3a27caaa868249f1bf139277eafe26426
    :git: https://github.com/luciano-calderano/LcLib.git

SPEC CHECKSUMS:
  Alamofire: 3ec537f71edc9804815215393ae2b1a8ea33a844
  LcLib: 577a50dedafd9c466245831723c5e73ea2b0092f

PODFILE CHECKSUM: 8e6934256f2974a8d8e542ab4b4c668e65c9147d

COCOAPODS: 1.5.3
